
Microsoft Visual Studio Solution File, Format Version 12.00
# Visual Studio 15
VisualStudioVersion = 15.0.27004.2002
MinimumVisualStudioVersion = 10.0.40219.1
Project("{8BC9CEB8-8B4A-11D0-8D11-00A0C91BC942}") = "characterImageEmptyProject", "characterImageEmptyProject\characterImageEmptyProject.vcxproj", "{9846EC06-CE00-45CD-9AA4-B5F27C380BE8}"
EndProject
Global
	GlobalSection(SolutionConfigurationPlatforms) = preSolution
		Debug|x64 = Debug|x64
		Debug|x86 = Debug|x86
		Release|x64 = Release|x64
		Release|x86 = Release|x86
	EndGlobalSection
	GlobalSection(ProjectConfigurationPlatforms) = postSolution
		{9846EC06-CE00-45CD-9AA4-B5F27C380BE8}.Debug|x64.ActiveCfg = Debug|x64
		{9846EC06-CE00-45CD-9AA4-B5F27C380BE8}.Debug|x64.Build.0 = Debug|x64
		{9846EC06-CE00-45CD-9AA4-B5F27C380BE8}.Debug|x86.ActiveCfg = Debug|Win32
		{9846EC06-CE00-45CD-9AA4-B5F27C380BE8}.Debug|x86.Build.0 = Debug|Win32
		{9846EC06-CE00-45CD-9AA4-B5F27C380BE8}.Release|x64.ActiveCfg = Release|x64
		{9846EC06-CE00-45CD-9AA4-B5F27C380BE8}.Release|x64.Build.0 = Release|x64
		{9846EC06-CE00-45CD-9AA4-B5F27C380BE8}.Release|x86.ActiveCfg = Release|Win32
		{9846EC06-CE00-45CD-9AA4-B5F27C380BE8}.Release|x86.Build.0 = Release|Win32
	EndGlobalSection
	GlobalSection(SolutionProperties) = preSolution
		HideSolutionNode = FALSE
	EndGlobalSection
	GlobalSection(ExtensibilityGlobals) = postSolution
		SolutionGuid = {2641A04C-A10F-449D-A89E-C14709E8B982}
	EndGlobalSection
EndGlobal
